
Microsoft Visual Studio Solution File, Format Version 12.00
# Visual Studio Version 16
VisualStudioVersion = 16.0.30011.22
MinimumVisualStudioVersion = 10.0.40219.1
Project("{FAE04EC0-301F-11D3-BF4B-00C04F79EFBC}") = "InventarioEquipos", "InventarioEquipos\InventarioEquipos.csproj", "{36169A11-6C99-41FE-BE60-712DD57AFD89}"
EndProject
Global
	GlobalSection(SolutionConfigurationPlatforms) = preSolution
		Debug|Any CPU = Debug|Any CPU
		Release|Any CPU = Release|Any CPU
	EndGlobalSection
	GlobalSection(ProjectConfigurationPlatforms) = postSolution
		{36169A11-6C99-41FE-BE60-712DD57AFD89}.Debug|Any CPU.ActiveCfg = Debug|Any CPU
		{36169A11-6C99-41FE-BE60-712DD57AFD89}.Debug|Any CPU.Build.0 = Debug|Any CPU
		{36169A11-6C99-41FE-BE60-712DD57AFD89}.Release|Any CPU.ActiveCfg = Release|Any CPU
		{36169A11-6C99-41FE-BE60-712DD57AFD89}.Release|Any CPU.Build.0 = Release|Any CPU
	EndGlobalSection
	GlobalSection(SolutionProperties) = preSolution
		HideSolutionNode = FALSE
	EndGlobalSection
	GlobalSection(ExtensibilityGlobals) = postSolution
		SolutionGuid = {17F7CF93-EAD9-4880-B538-BC03A00DA9A7}
	EndGlobalSection
EndGlobal
